
Microsoft Visual Studio Solution File, Format Version 12.00
# Visual Studio 14
VisualStudioVersion = 14.0.25420.1
MinimumVisualStudioVersion = 10.0.40219.1
Project("{FAE04EC0-301F-11D3-BF4B-00C04F79EFBC}") = "Model", "Model\Model.csproj", "{5F8818E7-FA5C-4F5E-9ACC-B9475CE4C03F}"
EndProject
Project("{FAE04EC0-301F-11D3-BF4B-00C04F79EFBC}") = "IDAL", "IDAL\IDAL.csproj", "{93D1A865-3F17-4519-AD33-89CB8CF4D1BE}"
EndProject
Project("{FAE04EC0-301F-11D3-BF4B-00C04F79EFBC}") = "DAL", "DAL\DAL.csproj", "{3CF1DDC7-BC94-478F-A3E5-F6487AF6910E}"
EndProject
Project("{FAE04EC0-301F-11D3-BF4B-00C04F79EFBC}") = "DALFactory", "DALFactory\DALFactory.csproj", "{B2233CFA-940C-4DF8-B5A5-67206C5B2D03}"
EndProject
Project("{FAE04EC0-301F-11D3-BF4B-00C04F79EFBC}") = "BLL", "BAL\BLL.csproj", "{DEDD7F27-187F-4F54-B842-85CEAAEAA3B5}"
EndProject
Project("{FAE04EC0-301F-11D3-BF4B-00C04F79EFBC}") = "Web", "Web\Web.csproj", "{2BAD817B-51EC-440E-BCC4-19AA3DEECB4E}"
EndProject
Global
	GlobalSection(SolutionConfigurationPlatforms) = preSolution
		Debug|Any CPU = Debug|Any CPU
		Development|Any CPU = Development|Any CPU
		Release|Any CPU = Release|Any CPU
	EndGlobalSection
	GlobalSection(ProjectConfigurationPlatforms) = postSolution
		{5F8818E7-FA5C-4F5E-9ACC-B9475CE4C03F}.Debug|Any CPU.ActiveCfg = Debug|Any CPU
		{5F8818E7-FA5C-4F5E-9ACC-B9475CE4C03F}.Debug|Any CPU.Build.0 = Debug|Any CPU
		{5F8818E7-FA5C-4F5E-9ACC-B9475CE4C03F}.Development|Any CPU.ActiveCfg = Debug|Any CPU
		{5F8818E7-FA5C-4F5E-9ACC-B9475CE4C03F}.Development|Any CPU.Build.0 = Debug|Any CPU
		{5F8818E7-FA5C-4F5E-9ACC-B9475CE4C03F}.Release|Any CPU.ActiveCfg = Release|Any CPU
		{5F8818E7-FA5C-4F5E-9ACC-B9475CE4C03F}.Release|Any CPU.Build.0 = Release|Any CPU
		{93D1A865-3F17-4519-AD33-89CB8CF4D1BE}.Debug|Any CPU.ActiveCfg = Debug|Any CPU
		{93D1A865-3F17-4519-AD33-89CB8CF4D1BE}.Debug|Any CPU.Build.0 = Debug|Any CPU
		{93D1A865-3F17-4519-AD33-89CB8CF4D1BE}.Development|Any CPU.ActiveCfg = Debug|Any CPU
		{93D1A865-3F17-4519-AD33-89CB8CF4D1BE}.Development|Any CPU.Build.0 = Debug|Any CPU
		{93D1A865-3F17-4519-AD33-89CB8CF4D1BE}.Release|Any CPU.ActiveCfg = Release|Any CPU
		{93D1A865-3F17-4519-AD33-89CB8CF4D1BE}.Release|Any CPU.Build.0 = Release|Any CPU
		{3CF1DDC7-BC94-478F-A3E5-F6487AF6910E}.Debug|Any CPU.ActiveCfg = Debug|Any CPU
		{3CF1DDC7-BC94-478F-A3E5-F6487AF6910E}.Debug|Any CPU.Build.0 = Debug|Any CPU
		{3CF1DDC7-BC94-478F-A3E5-F6487AF6910E}.Development|Any CPU.ActiveCfg = Debug|Any CPU
		{3CF1DDC7-BC94-478F-A3E5-F6487AF6910E}.Development|Any CPU.Build.0 = Debug|Any CPU
		{3CF1DDC7-BC94-478F-A3E5-F6487AF6910E}.Release|Any CPU.ActiveCfg = Release|Any CPU
		{3CF1DDC7-BC94-478F-A3E5-F6487AF6910E}.Release|Any CPU.Build.0 = Release|Any CPU
		{B2233CFA-940C-4DF8-B5A5-67206C5B2D03}.Debug|Any CPU.ActiveCfg = Debug|Any CPU
		{B2233CFA-940C-4DF8-B5A5-67206C5B2D03}.Debug|Any CPU.Build.0 = Debug|Any CPU
		{B2233CFA-940C-4DF8-B5A5-67206C5B2D03}.Development|Any CPU.ActiveCfg = Debug|Any CPU
		{B2233CFA-940C-4DF8-B5A5-67206C5B2D03}.Development|Any CPU.Build.0 = Debug|Any CPU
		{B2233CFA-940C-4DF8-B5A5-67206C5B2D03}.Release|Any CPU.ActiveCfg = Release|Any CPU
		{B2233CFA-940C-4DF8-B5A5-67206C5B2D03}.Release|Any CPU.Build.0 = Release|Any CPU
		{DEDD7F27-187F-4F54-B842-85CEAAEAA3B5}.Debug|Any CPU.ActiveCfg = Debug|Any CPU
		{DEDD7F27-187F-4F54-B842-85CEAAEAA3B5}.Debug|Any CPU.Build.0 = Debug|Any CPU
		{DEDD7F27-187F-4F54-B842-85CEAAEAA3B5}.Development|Any CPU.ActiveCfg = Debug|Any CPU
		{DEDD7F27-187F-4F54-B842-85CEAAEAA3B5}.Development|Any CPU.Build.0 = Debug|Any CPU
		{DEDD7F27-187F-4F54-B842-85CEAAEAA3B5}.Release|Any CPU.ActiveCfg = Release|Any CPU
		{DEDD7F27-187F-4F54-B842-85CEAAEAA3B5}.Release|Any CPU.Build.0 = Release|Any CPU
		{2BAD817B-51EC-440E-BCC4-19AA3DEECB4E}.Debug|Any CPU.ActiveCfg = Debug|Any CPU
		{2BAD817B-51EC-440E-BCC4-19AA3DEECB4E}.Debug|Any CPU.Build.0 = Debug|Any CPU
		{2BAD817B-51EC-440E-BCC4-19AA3DEECB4E}.Development|Any CPU.ActiveCfg = Debug|Any CPU
		{2BAD817B-51EC-440E-BCC4-19AA3DEECB4E}.Development|Any CPU.Build.0 = Debug|Any CPU
		{2BAD817B-51EC-440E-BCC4-19AA3DEECB4E}.Release|Any CPU.ActiveCfg = Release|Any CPU
		{2BAD817B-51EC-440E-BCC4-19AA3DEECB4E}.Release|Any CPU.Build.0 = Release|Any CPU
	EndGlobalSection
	GlobalSection(SolutionProperties) = preSolution
		HideSolutionNode = FALSE
	EndGlobalSection
EndGlobal
