
Microsoft Visual Studio Solution File, Format Version 12.00
# Visual Studio 14
VisualStudioVersion = 14.0.25420.1
MinimumVisualStudioVersion = 10.0.40219.1
Project("{FAE04EC0-301F-11D3-BF4B-00C04F79EFBC}") = "AbstractFactoryPattern", "AbstractFactoryPattern\AbstractFactoryPattern.csproj", "{C7878184-B018-429A-ABF4-9FF1887C4A34}"
EndProject
Project("{FAE04EC0-301F-11D3-BF4B-00C04F79EFBC}") = "PrototypePattern", "PrototypePattern\PrototypePattern.csproj", "{1CEF9A46-EF9E-4145-A1F0-E4E8BB61C2DE}"
EndProject
Project("{FAE04EC0-301F-11D3-BF4B-00C04F79EFBC}") = "FactoryPattern", "FactoryPattern\FactoryPattern.csproj", "{E07B7ECA-1EDE-41E3-9B74-D4C5132A99A3}"
EndProject
Project("{FAE04EC0-301F-11D3-BF4B-00C04F79EFBC}") = "SingletonPattern", "SingletonPattern\SingletonPattern.csproj", "{30E19698-CC8D-4312-ABDE-29D32FDC168A}"
EndProject
Project("{FAE04EC0-301F-11D3-BF4B-00C04F79EFBC}") = "BuilderPattern", "BuilderPattern\BuilderPattern.csproj", "{3251DD25-E883-47FD-9C45-D4FE48AE3961}"
EndProject
Global
	GlobalSection(SolutionConfigurationPlatforms) = preSolution
		Debug|Any CPU = Debug|Any CPU
		Release|Any CPU = Release|Any CPU
	EndGlobalSection
	GlobalSection(ProjectConfigurationPlatforms) = postSolution
		{C7878184-B018-429A-ABF4-9FF1887C4A34}.Debug|Any CPU.ActiveCfg = Debug|Any CPU
		{C7878184-B018-429A-ABF4-9FF1887C4A34}.Debug|Any CPU.Build.0 = Debug|Any CPU
		{C7878184-B018-429A-ABF4-9FF1887C4A34}.Release|Any CPU.ActiveCfg = Release|Any CPU
		{C7878184-B018-429A-ABF4-9FF1887C4A34}.Release|Any CPU.Build.0 = Release|Any CPU
		{1CEF9A46-EF9E-4145-A1F0-E4E8BB61C2DE}.Debug|Any CPU.ActiveCfg = Debug|Any CPU
		{1CEF9A46-EF9E-4145-A1F0-E4E8BB61C2DE}.Debug|Any CPU.Build.0 = Debug|Any CPU
		{1CEF9A46-EF9E-4145-A1F0-E4E8BB61C2DE}.Release|Any CPU.ActiveCfg = Release|Any CPU
		{1CEF9A46-EF9E-4145-A1F0-E4E8BB61C2DE}.Release|Any CPU.Build.0 = Release|Any CPU
		{E07B7ECA-1EDE-41E3-9B74-D4C5132A99A3}.Debug|Any CPU.ActiveCfg = Debug|Any CPU
		{E07B7ECA-1EDE-41E3-9B74-D4C5132A99A3}.Debug|Any CPU.Build.0 = Debug|Any CPU
		{E07B7ECA-1EDE-41E3-9B74-D4C5132A99A3}.Release|Any CPU.ActiveCfg = Release|Any CPU
		{E07B7ECA-1EDE-41E3-9B74-D4C5132A99A3}.Release|Any CPU.Build.0 = Release|Any CPU
		{30E19698-CC8D-4312-ABDE-29D32FDC168A}.Debug|Any CPU.ActiveCfg = Debug|Any CPU
		{30E19698-CC8D-4312-ABDE-29D32FDC168A}.Debug|Any CPU.Build.0 = Debug|Any CPU
		{30E19698-CC8D-4312-ABDE-29D32FDC168A}.Release|Any CPU.ActiveCfg = Release|Any CPU
		{30E19698-CC8D-4312-ABDE-29D32FDC168A}.Release|Any CPU.Build.0 = Release|Any CPU
		{3251DD25-E883-47FD-9C45-D4FE48AE3961}.Debug|Any CPU.ActiveCfg = Debug|Any CPU
		{3251DD25-E883-47FD-9C45-D4FE48AE3961}.Debug|Any CPU.Build.0 = Debug|Any CPU
		{3251DD25-E883-47FD-9C45-D4FE48AE3961}.Release|Any CPU.ActiveCfg = Release|Any CPU
		{3251DD25-E883-47FD-9C45-D4FE48AE3961}.Release|Any CPU.Build.0 = Release|Any CPU
	EndGlobalSection
	GlobalSection(SolutionProperties) = preSolution
		HideSolutionNode = FALSE
	EndGlobalSection
EndGlobal
